
Microsoft Visual Studio Solution File, Format Version 12.00
# Visual Studio Version 17
VisualStudioVersion = 17.0.31903.59
MinimumVisualStudioVersion = 10.0.40219.1
Project("{2150E333-8FDC-42A3-9474-1A3956D46DE8}") = "src", "src", "{3E1E8F48-6D0E-4F3E-A1B9-8C2A5B4D7E9F}"
EndProject
Project("{2150E333-8FDC-42A3-9474-1A3956D46DE8}") = "test", "test", "{4F2F9A59-7E1F-42A4-B2C0-9D3B6C5E8FA0}"
EndProject
Project("{2150E333-8FDC-42A3-9474-1A3956D46DE8}") = "samples", "samples", "{5A3B0A6A-8F2A-43A5-C3D1-AE4C7D6F9AB1}"
EndProject
Project("{2150E333-8FDC-42A3-9474-1A3956D46DE8}") = "Solution Items", "Solution Items", "{6B4C1B7B-9A3B-54B6-D4E2-BF5D8E7A0BC2}"
	ProjectSection(SolutionItems) = preProject
		.editorconfig = .editorconfig
		.gitattributes = .gitattributes
		.gitignore = .gitignore
		Build.ps1 = Build.ps1
		CONTRIBUTING.md = CONTRIBUTING.md
		Directory.Build.props = Directory.Build.props
		Directory.Packages.props = Directory.Packages.props
		GenerateKey.ps1 = GenerateKey.ps1
		LICENSE = LICENSE
		NuGet.Config = NuGet.Config
		Push.ps1 = Push.ps1
		README.md = README.md
		SECURITY.md = SECURITY.md
	EndProjectSection
EndProject
Project("{FAE04EC0-301F-11D3-BF4B-00C04F79EFBC}") = "Mistruna.Core", "src\Mistruna.Core\Mistruna.Core.csproj", "{C16A8634-36D6-4353-B246-D6F43E49D92A}"
EndProject
Project("{FAE04EC0-301F-11D3-BF4B-00C04F79EFBC}") = "Mistruna.Core.Tests", "test\Mistruna.Core.Tests\Mistruna.Core.Tests.csproj", "{E38CA856-58F8-5575-D468-F8A65A6BF94C}"
EndProject
Project("{FAE04EC0-301F-11D3-BF4B-00C04F79EFBC}") = "Mistruna.Core.Samples.BasicApi", "samples\Mistruna.Core.Samples.BasicApi\Mistruna.Core.Samples.BasicApi.csproj", "{F49DB967-69F9-6686-E579-A9176A7CAA5D}"
EndProject
Project("{FAE04EC0-301F-11D3-BF4B-00C04F79EFBC}") = "Mistruna.Core.Abstractions", "src\Mistruna.Core.Abstractions\Mistruna.Core.Abstractions.csproj", "{1A47CB5B-C85A-4902-BEB0-62A5B30EF0EE}"
EndProject
Project("{FAE04EC0-301F-11D3-BF4B-00C04F79EFBC}") = "Mistruna.Core.AspNetCore", "src\Mistruna.Core.AspNetCore\Mistruna.Core.AspNetCore.csproj", "{F4CFB8FD-3423-426B-A4D6-A49C96DEB733}"
EndProject
Project("{FAE04EC0-301F-11D3-BF4B-00C04F79EFBC}") = "Mistruna.Core.EfCore", "src\Mistruna.Core.EfCore\Mistruna.Core.EfCore.csproj", "{142806A6-80F0-4283-975D-0EBA72AD2A7E}"
EndProject
Project("{FAE04EC0-301F-11D3-BF4B-00C04F79EFBC}") = "Mistruna.Core.Caching.Redis", "src\Mistruna.Core.Caching.Redis\Mistruna.Core.Caching.Redis.csproj", "{4D0F006F-ED0E-443A-9BD5-F1427BBD696C}"
EndProject
Project("{FAE04EC0-301F-11D3-BF4B-00C04F79EFBC}") = "Mistruna.Core.Messaging.RabbitMq", "src\Mistruna.Core.Messaging.RabbitMq\Mistruna.Core.Messaging.RabbitMq.csproj", "{E47A7412-3775-4A11-B867-D2857C0C18C5}"
EndProject
Project("{FAE04EC0-301F-11D3-BF4B-00C04F79EFBC}") = "Mistruna.Core.Monetization", "src\Mistruna.Core.Monetization\Mistruna.Core.Monetization.csproj", "{37AE8F50-445E-4D6C-A933-501AE168F59A}"
EndProject
Project("{FAE04EC0-301F-11D3-BF4B-00C04F79EFBC}") = "Mistruna.Core.Observability", "src\Mistruna.Core.Observability\Mistruna.Core.Observability.csproj", "{CEDB658E-54A5-476D-A30A-88EE694FD782}"
EndProject
Project("{FAE04EC0-301F-11D3-BF4B-00C04F79EFBC}") = "Mistruna.Core.Resilience", "src\Mistruna.Core.Resilience\Mistruna.Core.Resilience.csproj", "{BBA18D08-124E-4786-8EC9-AC30899B9FC5}"
EndProject
Project("{FAE04EC0-301F-11D3-BF4B-00C04F79EFBC}") = "Mistruna.Core.Testing", "src\Mistruna.Core.Testing\Mistruna.Core.Testing.csproj", "{3B2A82FC-357E-47E5-BC1D-A1C8D1D8EA61}"
EndProject
Project("{FAE04EC0-301F-11D3-BF4B-00C04F79EFBC}") = "Mistruna.Core.Samples.WorkerRabbit", "samples\Mistruna.Core.Samples.WorkerRabbit\Mistruna.Core.Samples.WorkerRabbit.csproj", "{C52F80ED-8895-4CBB-B74B-63AE44D38DCF}"
EndProject
Project("{FAE04EC0-301F-11D3-BF4B-00C04F79EFBC}") = "Mistruna.Core.Samples.ApiWithOtel", "samples\Mistruna.Core.Samples.ApiWithOtel\Mistruna.Core.Samples.ApiWithOtel.csproj", "{1249DB07-16DF-4C65-9984-93CD5D62AAAF}"
EndProject
Global
	GlobalSection(SolutionConfigurationPlatforms) = preSolution
		Debug|Any CPU = Debug|Any CPU
		Debug|x64 = Debug|x64
		Debug|x86 = Debug|x86
		Release|Any CPU = Release|Any CPU
		Release|x64 = Release|x64
		Release|x86 = Release|x86
	EndGlobalSection
	GlobalSection(ProjectConfigurationPlatforms) = postSolution
		{C16A8634-36D6-4353-B246-D6F43E49D92A}.Debug|Any CPU.ActiveCfg = Debug|Any CPU
		{C16A8634-36D6-4353-B246-D6F43E49D92A}.Debug|Any CPU.Build.0 = Debug|Any CPU
		{C16A8634-36D6-4353-B246-D6F43E49D92A}.Debug|x64.ActiveCfg = Debug|Any CPU
		{C16A8634-36D6-4353-B246-D6F43E49D92A}.Debug|x64.Build.0 = Debug|Any CPU
		{C16A8634-36D6-4353-B246-D6F43E49D92A}.Debug|x86.ActiveCfg = Debug|Any CPU
		{C16A8634-36D6-4353-B246-D6F43E49D92A}.Debug|x86.Build.0 = Debug|Any CPU
		{C16A8634-36D6-4353-B246-D6F43E49D92A}.Release|Any CPU.ActiveCfg = Release|Any CPU
		{C16A8634-36D6-4353-B246-D6F43E49D92A}.Release|Any CPU.Build.0 = Release|Any CPU
		{C16A8634-36D6-4353-B246-D6F43E49D92A}.Release|x64.ActiveCfg = Release|Any CPU
		{C16A8634-36D6-4353-B246-D6F43E49D92A}.Release|x64.Build.0 = Release|Any CPU
		{C16A8634-36D6-4353-B246-D6F43E49D92A}.Release|x86.ActiveCfg = Release|Any CPU
		{C16A8634-36D6-4353-B246-D6F43E49D92A}.Release|x86.Build.0 = Release|Any CPU
		{E38CA856-58F8-5575-D468-F8A65A6BF94C}.Debug|Any CPU.ActiveCfg = Debug|Any CPU
		{E38CA856-58F8-5575-D468-F8A65A6BF94C}.Debug|Any CPU.Build.0 = Debug|Any CPU
		{E38CA856-58F8-5575-D468-F8A65A6BF94C}.Debug|x64.ActiveCfg = Debug|Any CPU
		{E38CA856-58F8-5575-D468-F8A65A6BF94C}.Debug|x64.Build.0 = Debug|Any CPU
		{E38CA856-58F8-5575-D468-F8A65A6BF94C}.Debug|x86.ActiveCfg = Debug|Any CPU
		{E38CA856-58F8-5575-D468-F8A65A6BF94C}.Debug|x86.Build.0 = Debug|Any CPU
		{E38CA856-58F8-5575-D468-F8A65A6BF94C}.Release|Any CPU.ActiveCfg = Release|Any CPU
		{E38CA856-58F8-5575-D468-F8A65A6BF94C}.Release|Any CPU.Build.0 = Release|Any CPU
		{E38CA856-58F8-5575-D468-F8A65A6BF94C}.Release|x64.ActiveCfg = Release|Any CPU
		{E38CA856-58F8-5575-D468-F8A65A6BF94C}.Release|x64.Build.0 = Release|Any CPU
		{E38CA856-58F8-5575-D468-F8A65A6BF94C}.Release|x86.ActiveCfg = Release|Any CPU
		{E38CA856-58F8-5575-D468-F8A65A6BF94C}.Release|x86.Build.0 = Release|Any CPU
		{F49DB967-69F9-6686-E579-A9176A7CAA5D}.Debug|Any CPU.ActiveCfg = Debug|Any CPU
		{F49DB967-69F9-6686-E579-A9176A7CAA5D}.Debug|Any CPU.Build.0 = Debug|Any CPU
		{F49DB967-69F9-6686-E579-A9176A7CAA5D}.Debug|x64.ActiveCfg = Debug|Any CPU
		{F49DB967-69F9-6686-E579-A9176A7CAA5D}.Debug|x64.Build.0 = Debug|Any CPU
		{F49DB967-69F9-6686-E579-A9176A7CAA5D}.Debug|x86.ActiveCfg = Debug|Any CPU
		{F49DB967-69F9-6686-E579-A9176A7CAA5D}.Debug|x86.Build.0 = Debug|Any CPU
		{F49DB967-69F9-6686-E579-A9176A7CAA5D}.Release|Any CPU.ActiveCfg = Release|Any CPU
		{F49DB967-69F9-6686-E579-A9176A7CAA5D}.Release|Any CPU.Build.0 = Release|Any CPU
		{F49DB967-69F9-6686-E579-A9176A7CAA5D}.Release|x64.ActiveCfg = Release|Any CPU
		{F49DB967-69F9-6686-E579-A9176A7CAA5D}.Release|x64.Build.0 = Release|Any CPU
		{F49DB967-69F9-6686-E579-A9176A7CAA5D}.Release|x86.ActiveCfg = Release|Any CPU
		{F49DB967-69F9-6686-E579-A9176A7CAA5D}.Release|x86.Build.0 = Release|Any CPU
		{1A47CB5B-C85A-4902-BEB0-62A5B30EF0EE}.Debug|Any CPU.ActiveCfg = Debug|Any CPU
		{1A47CB5B-C85A-4902-BEB0-62A5B30EF0EE}.Debug|Any CPU.Build.0 = Debug|Any CPU
		{1A47CB5B-C85A-4902-BEB0-62A5B30EF0EE}.Debug|x64.ActiveCfg = Debug|Any CPU
		{1A47CB5B-C85A-4902-BEB0-62A5B30EF0EE}.Debug|x64.Build.0 = Debug|Any CPU
		{1A47CB5B-C85A-4902-BEB0-62A5B30EF0EE}.Debug|x86.ActiveCfg = Debug|Any CPU
		{1A47CB5B-C85A-4902-BEB0-62A5B30EF0EE}.Debug|x86.Build.0 = Debug|Any CPU
		{1A47CB5B-C85A-4902-BEB0-62A5B30EF0EE}.Release|Any CPU.ActiveCfg = Release|Any CPU
		{1A47CB5B-C85A-4902-BEB0-62A5B30EF0EE}.Release|Any CPU.Build.0 = Release|Any CPU
		{1A47CB5B-C85A-4902-BEB0-62A5B30EF0EE}.Release|x64.ActiveCfg = Release|Any CPU
		{1A47CB5B-C85A-4902-BEB0-62A5B30EF0EE}.Release|x64.Build.0 = Release|Any CPU
		{1A47CB5B-C85A-4902-BEB0-62A5B30EF0EE}.Release|x86.ActiveCfg = Release|Any CPU
		{1A47CB5B-C85A-4902-BEB0-62A5B30EF0EE}.Release|x86.Build.0 = Release|Any CPU
		{F4CFB8FD-3423-426B-A4D6-A49C96DEB733}.Debug|Any CPU.ActiveCfg = Debug|Any CPU
		{F4CFB8FD-3423-426B-A4D6-A49C96DEB733}.Debug|Any CPU.Build.0 = Debug|Any CPU
		{F4CFB8FD-3423-426B-A4D6-A49C96DEB733}.Debug|x64.ActiveCfg = Debug|Any CPU
		{F4CFB8FD-3423-426B-A4D6-A49C96DEB733}.Debug|x64.Build.0 = Debug|Any CPU
		{F4CFB8FD-3423-426B-A4D6-A49C96DEB733}.Debug|x86.ActiveCfg = Debug|Any CPU
		{F4CFB8FD-3423-426B-A4D6-A49C96DEB733}.Debug|x86.Build.0 = Debug|Any CPU
		{F4CFB8FD-3423-426B-A4D6-A49C96DEB733}.Release|Any CPU.ActiveCfg = Release|Any CPU
		{F4CFB8FD-3423-426B-A4D6-A49C96DEB733}.Release|Any CPU.Build.0 = Release|Any CPU
		{F4CFB8FD-3423-426B-A4D6-A49C96DEB733}.Release|x64.ActiveCfg = Release|Any CPU
		{F4CFB8FD-3423-426B-A4D6-A49C96DEB733}.Release|x64.Build.0 = Release|Any CPU
		{F4CFB8FD-3423-426B-A4D6-A49C96DEB733}.Release|x86.ActiveCfg = Release|Any CPU
		{F4CFB8FD-3423-426B-A4D6-A49C96DEB733}.Release|x86.Build.0 = Release|Any CPU
		{142806A6-80F0-4283-975D-0EBA72AD2A7E}.Debug|Any CPU.ActiveCfg = Debug|Any CPU
		{142806A6-80F0-4283-975D-0EBA72AD2A7E}.Debug|Any CPU.Build.0 = Debug|Any CPU
		{142806A6-80F0-4283-975D-0EBA72AD2A7E}.Debug|x64.ActiveCfg = Debug|Any CPU
		{142806A6-80F0-4283-975D-0EBA72AD2A7E}.Debug|x64.Build.0 = Debug|Any CPU
		{142806A6-80F0-4283-975D-0EBA72AD2A7E}.Debug|x86.ActiveCfg = Debug|Any CPU
		{142806A6-80F0-4283-975D-0EBA72AD2A7E}.Debug|x86.Build.0 = Debug|Any CPU
		{142806A6-80F0-4283-975D-0EBA72AD2A7E}.Release|Any CPU.ActiveCfg = Release|Any CPU
		{142806A6-80F0-4283-975D-0EBA72AD2A7E}.Release|Any CPU.Build.0 = Release|Any CPU
		{142806A6-80F0-4283-975D-0EBA72AD2A7E}.Release|x64.ActiveCfg = Release|Any CPU
		{142806A6-80F0-4283-975D-0EBA72AD2A7E}.Release|x64.Build.0 = Release|Any CPU
		{142806A6-80F0-4283-975D-0EBA72AD2A7E}.Release|x86.ActiveCfg = Release|Any CPU
		{142806A6-80F0-4283-975D-0EBA72AD2A7E}.Release|x86.Build.0 = Release|Any CPU
		{4D0F006F-ED0E-443A-9BD5-F1427BBD696C}.Debug|Any CPU.ActiveCfg = Debug|Any CPU
		{4D0F006F-ED0E-443A-9BD5-F1427BBD696C}.Debug|Any CPU.Build.0 = Debug|Any CPU
		{4D0F006F-ED0E-443A-9BD5-F1427BBD696C}.Debug|x64.ActiveCfg = Debug|Any CPU
		{4D0F006F-ED0E-443A-9BD5-F1427BBD696C}.Debug|x64.Build.0 = Debug|Any CPU
		{4D0F006F-ED0E-443A-9BD5-F1427BBD696C}.Debug|x86.ActiveCfg = Debug|Any CPU
		{4D0F006F-ED0E-443A-9BD5-F1427BBD696C}.Debug|x86.Build.0 = Debug|Any CPU
		{4D0F006F-ED0E-443A-9BD5-F1427BBD696C}.Release|Any CPU.ActiveCfg = Release|Any CPU
		{4D0F006F-ED0E-443A-9BD5-F1427BBD696C}.Release|Any CPU.Build.0 = Release|Any CPU
		{4D0F006F-ED0E-443A-9BD5-F1427BBD696C}.Release|x64.ActiveCfg = Release|Any CPU
		{4D0F006F-ED0E-443A-9BD5-F1427BBD696C}.Release|x64.Build.0 = Release|Any CPU
		{4D0F006F-ED0E-443A-9BD5-F1427BBD696C}.Release|x86.ActiveCfg = Release|Any CPU
		{4D0F006F-ED0E-443A-9BD5-F1427BBD696C}.Release|x86.Build.0 = Release|Any CPU
		{E47A7412-3775-4A11-B867-D2857C0C18C5}.Debug|Any CPU.ActiveCfg = Debug|Any CPU
		{E47A7412-3775-4A11-B867-D2857C0C18C5}.Debug|Any CPU.Build.0 = Debug|Any CPU
		{E47A7412-3775-4A11-B867-D2857C0C18C5}.Debug|x64.ActiveCfg = Debug|Any CPU
		{E47A7412-3775-4A11-B867-D2857C0C18C5}.Debug|x64.Build.0 = Debug|Any CPU
		{E47A7412-3775-4A11-B867-D2857C0C18C5}.Debug|x86.ActiveCfg = Debug|Any CPU
		{E47A7412-3775-4A11-B867-D2857C0C18C5}.Debug|x86.Build.0 = Debug|Any CPU
		{E47A7412-3775-4A11-B867-D2857C0C18C5}.Release|Any CPU.ActiveCfg = Release|Any CPU
		{E47A7412-3775-4A11-B867-D2857C0C18C5}.Release|Any CPU.Build.0 = Release|Any CPU
		{E47A7412-3775-4A11-B867-D2857C0C18C5}.Release|x64.ActiveCfg = Release|Any CPU
		{E47A7412-3775-4A11-B867-D2857C0C18C5}.Release|x64.Build.0 = Release|Any CPU
		{E47A7412-3775-4A11-B867-D2857C0C18C5}.Release|x86.ActiveCfg = Release|Any CPU
		{E47A7412-3775-4A11-B867-D2857C0C18C5}.Release|x86.Build.0 = Release|Any CPU
		{37AE8F50-445E-4D6C-A933-501AE168F59A}.Debug|Any CPU.ActiveCfg = Debug|Any CPU
		{37AE8F50-445E-4D6C-A933-501AE168F59A}.Debug|Any CPU.Build.0 = Debug|Any CPU
		{37AE8F50-445E-4D6C-A933-501AE168F59A}.Debug|x64.ActiveCfg = Debug|Any CPU
		{37AE8F50-445E-4D6C-A933-501AE168F59A}.Debug|x64.Build.0 = Debug|Any CPU
		{37AE8F50-445E-4D6C-A933-501AE168F59A}.Debug|x86.ActiveCfg = Debug|Any CPU
		{37AE8F50-445E-4D6C-A933-501AE168F59A}.Debug|x86.Build.0 = Debug|Any CPU
		{37AE8F50-445E-4D6C-A933-501AE168F59A}.Release|Any CPU.ActiveCfg = Release|Any CPU
		{37AE8F50-445E-4D6C-A933-501AE168F59A}.Release|Any CPU.Build.0 = Release|Any CPU
		{37AE8F50-445E-4D6C-A933-501AE168F59A}.Release|x64.ActiveCfg = Release|Any CPU
		{37AE8F50-445E-4D6C-A933-501AE168F59A}.Release|x64.Build.0 = Release|Any CPU
		{37AE8F50-445E-4D6C-A933-501AE168F59A}.Release|x86.ActiveCfg = Release|Any CPU
		{37AE8F50-445E-4D6C-A933-501AE168F59A}.Release|x86.Build.0 = Release|Any CPU
		{CEDB658E-54A5-476D-A30A-88EE694FD782}.Debug|Any CPU.ActiveCfg = Debug|Any CPU
		{CEDB658E-54A5-476D-A30A-88EE694FD782}.Debug|Any CPU.Build.0 = Debug|Any CPU
		{CEDB658E-54A5-476D-A30A-88EE694FD782}.Debug|x64.ActiveCfg = Debug|Any CPU
		{CEDB658E-54A5-476D-A30A-88EE694FD782}.Debug|x64.Build.0 = Debug|Any CPU
		{CEDB658E-54A5-476D-A30A-88EE694FD782}.Debug|x86.ActiveCfg = Debug|Any CPU
		{CEDB658E-54A5-476D-A30A-88EE694FD782}.Debug|x86.Build.0 = Debug|Any CPU
		{CEDB658E-54A5-476D-A30A-88EE694FD782}.Release|Any CPU.ActiveCfg = Release|Any CPU
		{CEDB658E-54A5-476D-A30A-88EE694FD782}.Release|Any CPU.Build.0 = Release|Any CPU
		{CEDB658E-54A5-476D-A30A-88EE694FD782}.Release|x64.ActiveCfg = Release|Any CPU
		{CEDB658E-54A5-476D-A30A-88EE694FD782}.Release|x64.Build.0 = Release|Any CPU
		{CEDB658E-54A5-476D-A30A-88EE694FD782}.Release|x86.ActiveCfg = Release|Any CPU
		{CEDB658E-54A5-476D-A30A-88EE694FD782}.Release|x86.Build.0 = Release|Any CPU
		{BBA18D08-124E-4786-8EC9-AC30899B9FC5}.Debug|Any CPU.ActiveCfg = Debug|Any CPU
		{BBA18D08-124E-4786-8EC9-AC30899B9FC5}.Debug|Any CPU.Build.0 = Debug|Any CPU
		{BBA18D08-124E-4786-8EC9-AC30899B9FC5}.Debug|x64.ActiveCfg = Debug|Any CPU
		{BBA18D08-124E-4786-8EC9-AC30899B9FC5}.Debug|x64.Build.0 = Debug|Any CPU
		{BBA18D08-124E-4786-8EC9-AC30899B9FC5}.Debug|x86.ActiveCfg = Debug|Any CPU
		{BBA18D08-124E-4786-8EC9-AC30899B9FC5}.Debug|x86.Build.0 = Debug|Any CPU
		{BBA18D08-124E-4786-8EC9-AC30899B9FC5}.Release|Any CPU.ActiveCfg = Release|Any CPU
		{BBA18D08-124E-4786-8EC9-AC30899B9FC5}.Release|Any CPU.Build.0 = Release|Any CPU
		{BBA18D08-124E-4786-8EC9-AC30899B9FC5}.Release|x64.ActiveCfg = Release|Any CPU
		{BBA18D08-124E-4786-8EC9-AC30899B9FC5}.Release|x64.Build.0 = Release|Any CPU
		{BBA18D08-124E-4786-8EC9-AC30899B9FC5}.Release|x86.ActiveCfg = Release|Any CPU
		{BBA18D08-124E-4786-8EC9-AC30899B9FC5}.Release|x86.Build.0 = Release|Any CPU
		{3B2A82FC-357E-47E5-BC1D-A1C8D1D8EA61}.Debug|Any CPU.ActiveCfg = Debug|Any CPU
		{3B2A82FC-357E-47E5-BC1D-A1C8D1D8EA61}.Debug|Any CPU.Build.0 = Debug|Any CPU
		{3B2A82FC-357E-47E5-BC1D-A1C8D1D8EA61}.Debug|x64.ActiveCfg = Debug|Any CPU
		{3B2A82FC-357E-47E5-BC1D-A1C8D1D8EA61}.Debug|x64.Build.0 = Debug|Any CPU
		{3B2A82FC-357E-47E5-BC1D-A1C8D1D8EA61}.Debug|x86.ActiveCfg = Debug|Any CPU
		{3B2A82FC-357E-47E5-BC1D-A1C8D1D8EA61}.Debug|x86.Build.0 = Debug|Any CPU
		{3B2A82FC-357E-47E5-BC1D-A1C8D1D8EA61}.Release|Any CPU.ActiveCfg = Release|Any CPU
		{3B2A82FC-357E-47E5-BC1D-A1C8D1D8EA61}.Release|Any CPU.Build.0 = Release|Any CPU
		{3B2A82FC-357E-47E5-BC1D-A1C8D1D8EA61}.Release|x64.ActiveCfg = Release|Any CPU
		{3B2A82FC-357E-47E5-BC1D-A1C8D1D8EA61}.Release|x64.Build.0 = Release|Any CPU
		{3B2A82FC-357E-47E5-BC1D-A1C8D1D8EA61}.Release|x86.ActiveCfg = Release|Any CPU
		{3B2A82FC-357E-47E5-BC1D-A1C8D1D8EA61}.Release|x86.Build.0 = Release|Any CPU
		{C52F80ED-8895-4CBB-B74B-63AE44D38DCF}.Debug|Any CPU.ActiveCfg = Debug|Any CPU
		{C52F80ED-8895-4CBB-B74B-63AE44D38DCF}.Debug|Any CPU.Build.0 = Debug|Any CPU
		{C52F80ED-8895-4CBB-B74B-63AE44D38DCF}.Debug|x64.ActiveCfg = Debug|Any CPU
		{C52F80ED-8895-4CBB-B74B-63AE44D38DCF}.Debug|x64.Build.0 = Debug|Any CPU
		{C52F80ED-8895-4CBB-B74B-63AE44D38DCF}.Debug|x86.ActiveCfg = Debug|Any CPU
		{C52F80ED-8895-4CBB-B74B-63AE44D38DCF}.Debug|x86.Build.0 = Debug|Any CPU
		{C52F80ED-8895-4CBB-B74B-63AE44D38DCF}.Release|Any CPU.ActiveCfg = Release|Any CPU
		{C52F80ED-8895-4CBB-B74B-63AE44D38DCF}.Release|Any CPU.Build.0 = Release|Any CPU
		{C52F80ED-8895-4CBB-B74B-63AE44D38DCF}.Release|x64.ActiveCfg = Release|Any CPU
		{C52F80ED-8895-4CBB-B74B-63AE44D38DCF}.Release|x64.Build.0 = Release|Any CPU
		{C52F80ED-8895-4CBB-B74B-63AE44D38DCF}.Release|x86.ActiveCfg = Release|Any CPU
		{C52F80ED-8895-4CBB-B74B-63AE44D38DCF}.Release|x86.Build.0 = Release|Any CPU
		{1249DB07-16DF-4C65-9984-93CD5D62AAAF}.Debug|Any CPU.ActiveCfg = Debug|Any CPU
		{1249DB07-16DF-4C65-9984-93CD5D62AAAF}.Debug|Any CPU.Build.0 = Debug|Any CPU
		{1249DB07-16DF-4C65-9984-93CD5D62AAAF}.Debug|x64.ActiveCfg = Debug|Any CPU
		{1249DB07-16DF-4C65-9984-93CD5D62AAAF}.Debug|x64.Build.0 = Debug|Any CPU
		{1249DB07-16DF-4C65-9984-93CD5D62AAAF}.Debug|x86.ActiveCfg = Debug|Any CPU
		{1249DB07-16DF-4C65-9984-93CD5D62AAAF}.Debug|x86.Build.0 = Debug|Any CPU
		{1249DB07-16DF-4C65-9984-93CD5D62AAAF}.Release|Any CPU.ActiveCfg = Release|Any CPU
		{1249DB07-16DF-4C65-9984-93CD5D62AAAF}.Release|Any CPU.Build.0 = Release|Any CPU
		{1249DB07-16DF-4C65-9984-93CD5D62AAAF}.Release|x64.ActiveCfg = Release|Any CPU
		{1249DB07-16DF-4C65-9984-93CD5D62AAAF}.Release|x64.Build.0 = Release|Any CPU
		{1249DB07-16DF-4C65-9984-93CD5D62AAAF}.Release|x86.ActiveCfg = Release|Any CPU
		{1249DB07-16DF-4C65-9984-93CD5D62AAAF}.Release|x86.Build.0 = Release|Any CPU
	EndGlobalSection
	GlobalSection(SolutionProperties) = preSolution
		HideSolutionNode = FALSE
	EndGlobalSection
	GlobalSection(NestedProjects) = preSolution
		{C16A8634-36D6-4353-B246-D6F43E49D92A} = {3E1E8F48-6D0E-4F3E-A1B9-8C2A5B4D7E9F}
		{E38CA856-58F8-5575-D468-F8A65A6BF94C} = {4F2F9A59-7E1F-42A4-B2C0-9D3B6C5E8FA0}
		{F49DB967-69F9-6686-E579-A9176A7CAA5D} = {5A3B0A6A-8F2A-43A5-C3D1-AE4C7D6F9AB1}
		{1A47CB5B-C85A-4902-BEB0-62A5B30EF0EE} = {3E1E8F48-6D0E-4F3E-A1B9-8C2A5B4D7E9F}
		{F4CFB8FD-3423-426B-A4D6-A49C96DEB733} = {3E1E8F48-6D0E-4F3E-A1B9-8C2A5B4D7E9F}
		{142806A6-80F0-4283-975D-0EBA72AD2A7E} = {3E1E8F48-6D0E-4F3E-A1B9-8C2A5B4D7E9F}
		{4D0F006F-ED0E-443A-9BD5-F1427BBD696C} = {3E1E8F48-6D0E-4F3E-A1B9-8C2A5B4D7E9F}
		{E47A7412-3775-4A11-B867-D2857C0C18C5} = {3E1E8F48-6D0E-4F3E-A1B9-8C2A5B4D7E9F}
		{37AE8F50-445E-4D6C-A933-501AE168F59A} = {3E1E8F48-6D0E-4F3E-A1B9-8C2A5B4D7E9F}
		{CEDB658E-54A5-476D-A30A-88EE694FD782} = {3E1E8F48-6D0E-4F3E-A1B9-8C2A5B4D7E9F}
		{BBA18D08-124E-4786-8EC9-AC30899B9FC5} = {3E1E8F48-6D0E-4F3E-A1B9-8C2A5B4D7E9F}
		{3B2A82FC-357E-47E5-BC1D-A1C8D1D8EA61} = {3E1E8F48-6D0E-4F3E-A1B9-8C2A5B4D7E9F}
		{C52F80ED-8895-4CBB-B74B-63AE44D38DCF} = {5A3B0A6A-8F2A-43A5-C3D1-AE4C7D6F9AB1}
		{1249DB07-16DF-4C65-9984-93CD5D62AAAF} = {5A3B0A6A-8F2A-43A5-C3D1-AE4C7D6F9AB1}
	EndGlobalSection
EndGlobal
